
Microsoft Visual Studio Solution File, Format Version 12.00
# Visual Studio 15
VisualStudioVersion = 15.0.27703.2042
MinimumVisualStudioVersion = 10.0.40219.1
Project("{FAE04EC0-301F-11D3-BF4B-00C04F79EFBC}") = "WpfApp1", "WpfApp1\WpfApp1.csproj", "{AD17C05F-B21B-4670-BD55-A08DDCFD4C93}"
EndProject
Global
	GlobalSection(SolutionConfigurationPlatforms) = preSolution
		Debug|Any CPU = Debug|Any CPU
		Release|Any CPU = Release|Any CPU
	EndGlobalSection
	GlobalSection(ProjectConfigurationPlatforms) = postSolution
		{AD17C05F-B21B-4670-BD55-A08DDCFD4C93}.Debug|Any CPU.ActiveCfg = Debug|Any CPU
		{AD17C05F-B21B-4670-BD55-A08DDCFD4C93}.Debug|Any CPU.Build.0 = Debug|Any CPU
		{AD17C05F-B21B-4670-BD55-A08DDCFD4C93}.Release|Any CPU.ActiveCfg = Release|Any CPU
		{AD17C05F-B21B-4670-BD55-A08DDCFD4C93}.Release|Any CPU.Build.0 = Release|Any CPU
	EndGlobalSection
	GlobalSection(SolutionProperties) = preSolution
		HideSolutionNode = FALSE
	EndGlobalSection
	GlobalSection(ExtensibilityGlobals) = postSolution
		SolutionGuid = {B362730E-F4BD-496A-8301-C5BC1F45698E}
	EndGlobalSection
EndGlobal
